
Microsoft Visual Studio Solution File, Format Version 12.00
# Visual Studio Version 16
VisualStudioVersion = 16.0.29926.136
MinimumVisualStudioVersion = 10.0.40219.1
Project("{FAE04EC0-301F-11D3-BF4B-00C04F79EFBC}") = "Kol2Example", "Kol2Example.csproj", "{2FA3CB36-B926-41E6-A14A-8E5CEAA37A9E}"
EndProject
Global
	GlobalSection(SolutionConfigurationPlatforms) = preSolution
		Debug|Any CPU = Debug|Any CPU
		Release|Any CPU = Release|Any CPU
	EndGlobalSection
	GlobalSection(ProjectConfigurationPlatforms) = postSolution
		{2FA3CB36-B926-41E6-A14A-8E5CEAA37A9E}.Debug|Any CPU.ActiveCfg = Debug|Any CPU
		{2FA3CB36-B926-41E6-A14A-8E5CEAA37A9E}.Debug|Any CPU.Build.0 = Debug|Any CPU
		{2FA3CB36-B926-41E6-A14A-8E5CEAA37A9E}.Release|Any CPU.ActiveCfg = Release|Any CPU
		{2FA3CB36-B926-41E6-A14A-8E5CEAA37A9E}.Release|Any CPU.Build.0 = Release|Any CPU
	EndGlobalSection
	GlobalSection(SolutionProperties) = preSolution
		HideSolutionNode = FALSE
	EndGlobalSection
	GlobalSection(ExtensibilityGlobals) = postSolution
		SolutionGuid = {6D8C38B3-139A-4098-A74B-D5FBFAB3FE45}
	EndGlobalSection
EndGlobal
