
Microsoft Visual Studio Solution File, Format Version 12.00
# Visual Studio Version 16
VisualStudioVersion = 16.0.29123.88
MinimumVisualStudioVersion = 10.0.40219.1
Project("{FAE04EC0-301F-11D3-BF4B-00C04F79EFBC}") = "Cw1", "Cw1.csproj", "{DE9CECA1-CF25-4F3C-95A2-0351809707EC}"
EndProject
Global
	GlobalSection(SolutionConfigurationPlatforms) = preSolution
		Debug|Any CPU = Debug|Any CPU
		Release|Any CPU = Release|Any CPU
	EndGlobalSection
	GlobalSection(ProjectConfigurationPlatforms) = postSolution
		{DE9CECA1-CF25-4F3C-95A2-0351809707EC}.Debug|Any CPU.ActiveCfg = Debug|Any CPU
		{DE9CECA1-CF25-4F3C-95A2-0351809707EC}.Debug|Any CPU.Build.0 = Debug|Any CPU
		{DE9CECA1-CF25-4F3C-95A2-0351809707EC}.Release|Any CPU.ActiveCfg = Release|Any CPU
		{DE9CECA1-CF25-4F3C-95A2-0351809707EC}.Release|Any CPU.Build.0 = Release|Any CPU
	EndGlobalSection
	GlobalSection(SolutionProperties) = preSolution
		HideSolutionNode = FALSE
	EndGlobalSection
	GlobalSection(ExtensibilityGlobals) = postSolution
		SolutionGuid = {BE9FF559-A18C-46A0-A734-880726FDEED8}
	EndGlobalSection
EndGlobal
